
Microsoft Visual Studio Solution File, Format Version 12.00
# Visual Studio Version 17
VisualStudioVersion = 17.12.35506.116 d17.12
MinimumVisualStudioVersion = 10.0.40219.1
Project("{2150E333-8FDC-42A3-9474-1A3956D46DE8}") = "Services", "Services", "{A0BD2D77-927B-4C33-AEF0-1EB28C7FA014}"
EndProject
Project("{2150E333-8FDC-42A3-9474-1A3956D46DE8}") = "Catalog", "Catalog", "{538DB1C6-6415-408B-BABD-120CB79244D1}"
EndProject
Project("{FAE04EC0-301F-11D3-BF4B-00C04F79EFBC}") = "Catalog.API", "src\Services\Catalog\Catalog.API\Catalog.API.csproj", "{06B003CE-F61E-493E-A142-816F256A6D2D}"
EndProject
Global
	GlobalSection(SolutionConfigurationPlatforms) = preSolution
		Debug|Any CPU = Debug|Any CPU
		Release|Any CPU = Release|Any CPU
	EndGlobalSection
	GlobalSection(ProjectConfigurationPlatforms) = postSolution
		{06B003CE-F61E-493E-A142-816F256A6D2D}.Debug|Any CPU.ActiveCfg = Debug|Any CPU
		{06B003CE-F61E-493E-A142-816F256A6D2D}.Debug|Any CPU.Build.0 = Debug|Any CPU
		{06B003CE-F61E-493E-A142-816F256A6D2D}.Release|Any CPU.ActiveCfg = Release|Any CPU
		{06B003CE-F61E-493E-A142-816F256A6D2D}.Release|Any CPU.Build.0 = Release|Any CPU
	EndGlobalSection
	GlobalSection(SolutionProperties) = preSolution
		HideSolutionNode = FALSE
	EndGlobalSection
	GlobalSection(NestedProjects) = preSolution
		{538DB1C6-6415-408B-BABD-120CB79244D1} = {A0BD2D77-927B-4C33-AEF0-1EB28C7FA014}
		{06B003CE-F61E-493E-A142-816F256A6D2D} = {538DB1C6-6415-408B-BABD-120CB79244D1}
	EndGlobalSection
EndGlobal
